// !$*UTF8*$!
{
	archiveVersion = 1;
	classes = {
	};
	objectVersion = 77;
	objects = {

/* Begin PBXContainerItemProxy section */
		8A49D3B52D6BD6250048FF3B /* PBXContainerItemProxy */ = {
			isa = PBXContainerItemProxy;
			containerPortal = 8A49D3932D6BD6230048FF3B /* Project object */;
			proxyType = 1;
			remoteGlobalIDString = 8A49D39A2D6BD6230048FF3B;
			remoteInfo = iMDB;
		};
		8A49D3BF2D6BD6260048FF3B /* PBXContainerItemProxy */ = {
			isa = PBXContainerItemProxy;
			containerPortal = 8A49D3932D6BD6230048FF3B /* Project object */;
			proxyType = 1;
			remoteGlobalIDString = 8A49D39A2D6BD6230048FF3B;
			remoteInfo = iMDB;
		};
/* End PBXContainerItemProxy section */

/* Begin PBXFileReference section */
		8A49D39B2D6BD6230048FF3B /* iMDB.app */ = {isa = PBXFileReference; explicitFileType = wrapper.application; includeInIndex = 0; path = iMDB.app; sourceTree = BUILT_PRODUCTS_DIR; };
		8A49D3B42D6BD6250048FF3B /* iMDBTests.xctest */ = {isa = PBXFileReference; explicitFileType = wrapper.cfbundle; includeInIndex = 0; path = iMDBTests.xctest; sourceTree = BUILT_PRODUCTS_DIR; };
		8A49D3BE2D6BD6260048FF3B /* iMDBUITests.xctest */ = {isa = PBXFileReference; explicitFileType = wrapper.cfbundle; includeInIndex = 0; path = iMDBUITests.xctest; sourceTree = BUILT_PRODUCTS_DIR; };
/* End PBXFileReference section */

/* Begin PBXFileSystemSynchronizedBuildFileExceptionSet section */
		8A49D3C62D6BD6260048FF3B /* Exceptions for "iMDB" folder in "iMDB" target */ = {
			isa = PBXFileSystemSynchronizedBuildFileExceptionSet;
			membershipExceptions = (
				Info.plist,
			);
			target = 8A49D39A2D6BD6230048FF3B /* iMDB */;
		};
		8A49D3D92D6BD83E0048FF3B /* Exceptions for "iMDB" folder in "iMDBTests" target */ = {
			isa = PBXFileSystemSynchronizedBuildFileExceptionSet;
			membershipExceptions = (
				ColorPalette.swift,
				Constants.swift,
				"Extensions/UIImageView+Extension.swift",
				Model/ErrorResponse.swift,
				Model/Movie.swift,
				View/DetailScreenViewController.swift,
				View/MovieCell.swift,
				View/MovieCell.xib,
				ViewModel/HomeScreenViewModel.swift,
			);
			target = 8A49D3B32D6BD6250048FF3B /* iMDBTests */;
		};
		8A49D3DA2D6BD83E0048FF3B /* Exceptions for "iMDB" folder in "iMDBUITests" target */ = {
			isa = PBXFileSystemSynchronizedBuildFileExceptionSet;
			membershipExceptions = (
				ColorPalette.swift,
				Constants.swift,
				"Extensions/UIImageView+Extension.swift",
				Model/ErrorResponse.swift,
				Model/Movie.swift,
				View/DetailScreenViewController.swift,
				View/MovieCell.swift,
				View/MovieCell.xib,
				ViewModel/HomeScreenViewModel.swift,
			);
			target = 8A49D3BD2D6BD6260048FF3B /* iMDBUITests */;
		};
/* End PBXFileSystemSynchronizedBuildFileExceptionSet section */

/* Begin PBXFileSystemSynchronizedRootGroup section */
		8A49D39D2D6BD6230048FF3B /* iMDB */ = {
			isa = PBXFileSystemSynchronizedRootGroup;
			exceptions = (
				8A49D3C62D6BD6260048FF3B /* Exceptions for "iMDB" folder in "iMDB" target */,
				8A49D3D92D6BD83E0048FF3B /* Exceptions for "iMDB" folder in "iMDBTests" target */,
				8A49D3DA2D6BD83E0048FF3B /* Exceptions for "iMDB" folder in "iMDBUITests" target */,
			);
			path = iMDB;
			sourceTree = "<group>";
		};
		8A49D3B72D6BD6250048FF3B /* iMDBTests */ = {
			isa = PBXFileSystemSynchronizedRootGroup;
			path = iMDBTests;
			sourceTree = "<group>";
		};
		8A49D3C12D6BD6260048FF3B /* iMDBUITests */ = {
			isa = PBXFileSystemSynchronizedRootGroup;
			path = iMDBUITests;
			sourceTree = "<group>";
		};
/* End PBXFileSystemSynchronizedRootGroup section */

/* Begin PBXFrameworksBuildPhase section */
		8A49D3982D6BD6230048FF3B /* Frameworks */ = {
			isa = PBXFrameworksBuildPhase;
			buildActionMask = 2147483647;
			files = (
			);
			runOnlyForDeploymentPostprocessing = 0;
		};
		8A49D3B12D6BD6250048FF3B /* Frameworks */ = {
			isa = PBXFrameworksBuildPhase;
			buildActionMask = 2147483647;
			files = (
			);
			runOnlyForDeploymentPostprocessing = 0;
		};
		8A49D3BB2D6BD6260048FF3B /* Frameworks */ = {
			isa = PBXFrameworksBuildPhase;
			buildActionMask = 2147483647;
			files = (
			);
			runOnlyForDeploymentPostprocessing = 0;
		};
/* End PBXFrameworksBuildPhase section */

/* Begin PBXGroup section */
		8A49D3922D6BD6230048FF3B = {
			isa = PBXGroup;
			children = (
				8A49D39D2D6BD6230048FF3B /* iMDB */,
				8A49D3B72D6BD6250048FF3B /* iMDBTests */,
				8A49D3C12D6BD6260048FF3B /* iMDBUITests */,
				8A49D39C2D6BD6230048FF3B /* Products */,
			);
			sourceTree = "<group>";
		};
		8A49D39C2D6BD6230048FF3B /* Products */ = {
			isa = PBXGroup;
			children = (
				8A49D39B2D6BD6230048FF3B /* iMDB.app */,
				8A49D3B42D6BD6250048FF3B /* iMDBTests.xctest */,
				8A49D3BE2D6BD6260048FF3B /* iMDBUITests.xctest */,
			);
			name = Products;
			sourceTree = "<group>";
		};
/* End PBXGroup section */

/* Begin PBXNativeTarget section */
		8A49D39A2D6BD6230048FF3B /* iMDB */ = {
			isa = PBXNativeTarget;
			buildConfigurationList = 8A49D3C72D6BD6260048FF3B /* Build configuration list for PBXNativeTarget "iMDB" */;
			buildPhases = (
				8A49D3972D6BD6230048FF3B /* Sources */,
				8A49D3982D6BD6230048FF3B /* Frameworks */,
				8A49D3992D6BD6230048FF3B /* Resources */,
			);
			buildRules = (
			);
			dependencies = (
			);
			fileSystemSynchronizedGroups = (
				8A49D39D2D6BD6230048FF3B /* iMDB */,
			);
			name = iMDB;
			packageProductDependencies = (
			);
			productName = iMDB;
			productReference = 8A49D39B2D6BD6230048FF3B /* iMDB.app */;
			productType = "com.apple.product-type.application";
		};
		8A49D3B32D6BD6250048FF3B /* iMDBTests */ = {
			isa = PBXNativeTarget;
			buildConfigurationList = 8A49D3CC2D6BD6260048FF3B /* Build configuration list for PBXNativeTarget "iMDBTests" */;
			buildPhases = (
				8A49D3B02D6BD6250048FF3B /* Sources */,
				8A49D3B12D6BD6250048FF3B /* Frameworks */,
				8A49D3B22D6BD6250048FF3B /* Resources */,
			);
			buildRules = (
			);
			dependencies = (
				8A49D3B62D6BD6250048FF3B /* PBXTargetDependency */,
			);
			fileSystemSynchronizedGroups = (
				8A49D3B72D6BD6250048FF3B /* iMDBTests */,
			);
			name = iMDBTests;
			packageProductDependencies = (
			);
			productName = iMDBTests;
			productReference = 8A49D3B42D6BD6250048FF3B /* iMDBTests.xctest */;
			productType = "com.apple.product-type.bundle.unit-test";
		};
		8A49D3BD2D6BD6260048FF3B /* iMDBUITests */ = {
			isa = PBXNativeTarget;
			buildConfigurationList = 8A49D3CF2D6BD6260048FF3B /* Build configuration list for PBXNativeTarget "iMDBUITests" */;
			buildPhases = (
				8A49D3BA2D6BD6260048FF3B /* Sources */,
				8A49D3BB2D6BD6260048FF3B /* Frameworks */,
				8A49D3BC2D6BD6260048FF3B /* Resources */,
			);
			buildRules = (
			);
			dependencies = (
				8A49D3C02D6BD6260048FF3B /* PBXTargetDependency */,
			);
			fileSystemSynchronizedGroups = (
				8A49D3C12D6BD6260048FF3B /* iMDBUITests */,
			);
			name = iMDBUITests;
			packageProductDependencies = (
			);
			productName = iMDBUITests;
			productReference = 8A49D3BE2D6BD6260048FF3B /* iMDBUITests.xctest */;
			productType = "com.apple.product-type.bundle.ui-testing";
		};
/* End PBXNativeTarget section */

/* Begin PBXProject section */
		8A49D3932D6BD6230048FF3B /* Project object */ = {
			isa = PBXProject;
			attributes = {
				BuildIndependentTargetsInParallel = 1;
				LastSwiftUpdateCheck = 1610;
				LastUpgradeCheck = 1610;
				TargetAttributes = {
					8A49D39A2D6BD6230048FF3B = {
						CreatedOnToolsVersion = 16.1;
					};
					8A49D3B32D6BD6250048FF3B = {
						CreatedOnToolsVersion = 16.1;
						TestTargetID = 8A49D39A2D6BD6230048FF3B;
					};
					8A49D3BD2D6BD6260048FF3B = {
						CreatedOnToolsVersion = 16.1;
						TestTargetID = 8A49D39A2D6BD6230048FF3B;
					};
				};
			};
			buildConfigurationList = 8A49D3962D6BD6230048FF3B /* Build configuration list for PBXProject "iMDB" */;
			developmentRegion = en;
			hasScannedForEncodings = 0;
			knownRegions = (
				en,
				Base,
				fr,
				it,
				es,
				de,
				ja,
			);
			mainGroup = 8A49D3922D6BD6230048FF3B;
			minimizedProjectReferenceProxies = 1;
			preferredProjectObjectVersion = 77;
			productRefGroup = 8A49D39C2D6BD6230048FF3B /* Products */;
			projectDirPath = "";
			projectRoot = "";
			targets = (
				8A49D39A2D6BD6230048FF3B /* iMDB */,
				8A49D3B32D6BD6250048FF3B /* iMDBTests */,
				8A49D3BD2D6BD6260048FF3B /* iMDBUITests */,
			);
		};
/* End PBXProject section */

/* Begin PBXResourcesBuildPhase section */
		8A49D3992D6BD6230048FF3B /* Resources */ = {
			isa = PBXResourcesBuildPhase;
			buildActionMask = 2147483647;
			files = (
			);
			runOnlyForDeploymentPostprocessing = 0;
		};
		8A49D3B22D6BD6250048FF3B /* Resources */ = {
			isa = PBXResourcesBuildPhase;
			buildActionMask = 2147483647;
			files = (
			);
			runOnlyForDeploymentPostprocessing = 0;
		};
		8A49D3BC2D6BD6260048FF3B /* Resources */ = {
			isa = PBXResourcesBuildPhase;
			buildActionMask = 2147483647;
			files = (
			);
			runOnlyForDeploymentPostprocessing = 0;
		};
/* End PBXResourcesBuildPhase section */

/* Begin PBXSourcesBuildPhase section */
		8A49D3972D6BD6230048FF3B /* Sources */ = {
			isa = PBXSourcesBuildPhase;
			buildActionMask = 2147483647;
			files = (
			);
			runOnlyForDeploymentPostprocessing = 0;
		};
		8A49D3B02D6BD6250048FF3B /* Sources */ = {
			isa = PBXSourcesBuildPhase;
			buildActionMask = 2147483647;
			files = (
			);
			runOnlyForDeploymentPostprocessing = 0;
		};
		8A49D3BA2D6BD6260048FF3B /* Sources */ = {
			isa = PBXSourcesBuildPhase;
			buildActionMask = 2147483647;
			files = (
			);
			runOnlyForDeploymentPostprocessing = 0;
		};
/* End PBXSourcesBuildPhase section */

/* Begin PBXTargetDependency section */
		8A49D3B62D6BD6250048FF3B /* PBXTargetDependency */ = {
			isa = PBXTargetDependency;
			target = 8A49D39A2D6BD6230048FF3B /* iMDB */;
			targetProxy = 8A49D3B52D6BD6250048FF3B /* PBXContainerItemProxy */;
		};
		8A49D3C02D6BD6260048FF3B /* PBXTargetDependency */ = {
			isa = PBXTargetDependency;
			target = 8A49D39A2D6BD6230048FF3B /* iMDB */;
			targetProxy = 8A49D3BF2D6BD6260048FF3B /* PBXContainerItemProxy */;
		};
/* End PBXTargetDependency section */

/* Begin XCBuildConfiguration section */
		8A49D3C82D6BD6260048FF3B /* Debug */ = {
			isa = XCBuildConfiguration;
			buildSettings = {
				ASSETCATALOG_COMPILER_APPICON_NAME = AppIcon;
				ASSETCATALOG_COMPILER_GLOBAL_ACCENT_COLOR_NAME = AccentColor;
				CODE_SIGN_STYLE = Automatic;
				CURRENT_PROJECT_VERSION = 1;
				DEVELOPMENT_TEAM = UJU543YRL6;
				GENERATE_INFOPLIST_FILE = YES;
				INFOPLIST_FILE = iMDB/Info.plist;
				INFOPLIST_KEY_CFBundleDisplayName = iMDB;
				INFOPLIST_KEY_UIApplicationSupportsIndirectInputEvents = YES;
				INFOPLIST_KEY_UILaunchStoryboardName = LaunchScreen.storyboard;
				INFOPLIST_KEY_UIMainStoryboardFile = Main;
				INFOPLIST_KEY_UISupportedInterfaceOrientations = UIInterfaceOrientationPortrait;
				LD_RUNPATH_SEARCH_PATHS = (
					"$(inherited)",
					"@executable_path/Frameworks",
				);
				MARKETING_VERSION = 1.0;
				PRODUCT_BUNDLE_IDENTIFIER = "com.paco-jasso.iMDB";
				PRODUCT_NAME = "$(TARGET_NAME)";
				SWIFT_EMIT_LOC_STRINGS = YES;
				SWIFT_VERSION = 5.0;
				TARGETED_DEVICE_FAMILY = "1,2";
			};
			name = Debug;
		};
		8A49D3C92D6BD6260048FF3B /* Release */ = {
			isa = XCBuildConfiguration;
			buildSettings = {
				ASSETCATALOG_COMPILER_APPICON_NAME = AppIcon;
				ASSETCATALOG_COMPILER_GLOBAL_ACCENT_COLOR_NAME = AccentColor;
				CODE_SIGN_STYLE = Automatic;
				CURRENT_PROJECT_VERSION = 1;
				DEVELOPMENT_TEAM = UJU543YRL6;
				GENERATE_INFOPLIST_FILE = YES;
				INFOPLIST_FILE = iMDB/Info.plist;
				INFOPLIST_KEY_CFBundleDisplayName = iMDB;
				INFOPLIST_KEY_UIApplicationSupportsIndirectInputEvents = YES;
				INFOPLIST_KEY_UILaunchStoryboardName = LaunchScreen.storyboard;
				INFOPLIST_KEY_UIMainStoryboardFile = Main;
				INFOPLIST_KEY_UISupportedInterfaceOrientations = UIInterfaceOrientationPortrait;
				LD_RUNPATH_SEARCH_PATHS = (
					"$(inherited)",
					"@executable_path/Frameworks",
				);
				MARKETING_VERSION = 1.0;
				PRODUCT_BUNDLE_IDENTIFIER = "com.paco-jasso.iMDB";
				PRODUCT_NAME = "$(TARGET_NAME)";
				SWIFT_EMIT_LOC_STRINGS = YES;
				SWIFT_VERSION = 5.0;
				TARGETED_DEVICE_FAMILY = "1,2";
			};
			name = Release;
		};
		8A49D3CA2D6BD6260048FF3B /* Debug */ = {
			isa = XCBuildConfiguration;
			buildSettings = {
				ALWAYS_SEARCH_USER_PATHS = NO;
				ASSETCATALOG_COMPILER_GENERATE_SWIFT_ASSET_SYMBOL_EXTENSIONS = YES;
				CLANG_ANALYZER_LOCALIZABILITY_NONLOCALIZED = YES;
				CLANG_ANALYZER_NONNULL = YES;
				CLANG_ANALYZER_NUMBER_OBJECT_CONVERSION = YES_AGGRESSIVE;
				CLANG_CXX_LANGUAGE_STANDARD = "gnu++20";
				CLANG_ENABLE_MODULES = YES;
				CLANG_ENABLE_OBJC_ARC = YES;
				CLANG_ENABLE_OBJC_WEAK = YES;
				CLANG_WARN_BLOCK_CAPTURE_AUTORELEASING = YES;
				CLANG_WARN_BOOL_CONVERSION = YES;
				CLANG_WARN_COMMA = YES;
				CLANG_WARN_CONSTANT_CONVERSION = YES;
				CLANG_WARN_DEPRECATED_OBJC_IMPLEMENTATIONS = YES;
				CLANG_WARN_DIRECT_OBJC_ISA_USAGE = YES_ERROR;
				CLANG_WARN_DOCUMENTATION_COMMENTS = YES;
				CLANG_WARN_EMPTY_BODY = YES;
				CLANG_WARN_ENUM_CONVERSION = YES;
				CLANG_WARN_INFINITE_RECURSION = YES;
				CLANG_WARN_INT_CONVERSION = YES;
				CLANG_WARN_NON_LITERAL_NULL_CONVERSION = YES;
				CLANG_WARN_OBJC_IMPLICIT_RETAIN_SELF = YES;
				CLANG_WARN_OBJC_LITERAL_CONVERSION = YES;
				CLANG_WARN_OBJC_ROOT_CLASS = YES_ERROR;
				CLANG_WARN_QUOTED_INCLUDE_IN_FRAMEWORK_HEADER = YES;
				CLANG_WARN_RANGE_LOOP_ANALYSIS = YES;
				CLANG_WARN_STRICT_PROTOTYPES = YES;
				CLANG_WARN_SUSPICIOUS_MOVE = YES;
				CLANG_WARN_UNGUARDED_AVAILABILITY = YES_AGGRESSIVE;
				CLANG_WARN_UNREACHABLE_CODE = YES;
				CLANG_WARN__DUPLICATE_METHOD_MATCH = YES;
				COPY_PHASE_STRIP = NO;
				DEBUG_INFORMATION_FORMAT = dwarf;
				ENABLE_STRICT_OBJC_MSGSEND = YES;
				ENABLE_TESTABILITY = YES;
				ENABLE_USER_SCRIPT_SANDBOXING = YES;
				GCC_C_LANGUAGE_STANDARD = gnu17;
				GCC_DYNAMIC_NO_PIC = NO;
				GCC_NO_COMMON_BLOCKS = YES;
				GCC_OPTIMIZATION_LEVEL = 0;
				GCC_PREPROCESSOR_DEFINITIONS = (
					"DEBUG=1",
					"$(inherited)",
				);
				GCC_WARN_64_TO_32_BIT_CONVERSION = YES;
				GCC_WARN_ABOUT_RETURN_TYPE = YES_ERROR;
				GCC_WARN_UNDECLARED_SELECTOR = YES;
				GCC_WARN_UNINITIALIZED_AUTOS = YES_AGGRESSIVE;
				GCC_WARN_UNUSED_FUNCTION = YES;
				GCC_WARN_UNUSED_VARIABLE = YES;
				IPHONEOS_DEPLOYMENT_TARGET = 18.1;
				LOCALIZATION_PREFERS_STRING_CATALOGS = YES;
				MTL_ENABLE_DEBUG_INFO = INCLUDE_SOURCE;
				MTL_FAST_MATH = YES;
				ONLY_ACTIVE_ARCH = YES;
				SDKROOT = iphoneos;
				SWIFT_ACTIVE_COMPILATION_CONDITIONS = "DEBUG $(inherited)";
				SWIFT_OPTIMIZATION_LEVEL = "-Onone";
			};
			name = Debug;
		};
		8A49D3CB2D6BD6260048FF3B /* Release */ = {
			isa = XCBuildConfiguration;
			buildSettings = {
				ALWAYS_SEARCH_USER_PATHS = NO;
				ASSETCATALOG_COMPILER_GENERATE_SWIFT_ASSET_SYMBOL_EXTENSIONS = YES;
				CLANG_ANALYZER_LOCALIZABILITY_NONLOCALIZED = YES;
				CLANG_ANALYZER_NONNULL = YES;
				CLANG_ANALYZER_NUMBER_OBJECT_CONVERSION = YES_AGGRESSIVE;
				CLANG_CXX_LANGUAGE_STANDARD = "gnu++20";
				CLANG_ENABLE_MODULES = YES;
				CLANG_ENABLE_OBJC_ARC = YES;
				CLANG_ENABLE_OBJC_WEAK = YES;
				CLANG_WARN_BLOCK_CAPTURE_AUTORELEASING = YES;
				CLANG_WARN_BOOL_CONVERSION = YES;
				CLANG_WARN_COMMA = YES;
				CLANG_WARN_CONSTANT_CONVERSION = YES;
				CLANG_WARN_DEPRECATED_OBJC_IMPLEMENTATIONS = YES;
				CLANG_WARN_DIRECT_OBJC_ISA_USAGE = YES_ERROR;
				CLANG_WARN_DOCUMENTATION_COMMENTS = YES;
				CLANG_WARN_EMPTY_BODY = YES;
				CLANG_WARN_ENUM_CONVERSION = YES;
				CLANG_WARN_INFINITE_RECURSION = YES;
				CLANG_WARN_INT_CONVERSION = YES;
				CLANG_WARN_NON_LITERAL_NULL_CONVERSION = YES;
				CLANG_WARN_OBJC_IMPLICIT_RETAIN_SELF = YES;
				CLANG_WARN_OBJC_LITERAL_CONVERSION = YES;
				CLANG_WARN_OBJC_ROOT_CLASS = YES_ERROR;
				CLANG_WARN_QUOTED_INCLUDE_IN_FRAMEWORK_HEADER = YES;
				CLANG_WARN_RANGE_LOOP_ANALYSIS = YES;
				CLANG_WARN_STRICT_PROTOTYPES = YES;
				CLANG_WARN_SUSPICIOUS_MOVE = YES;
				CLANG_WARN_UNGUARDED_AVAILABILITY = YES_AGGRESSIVE;
				CLANG_WARN_UNREACHABLE_CODE = YES;
				CLANG_WARN__DUPLICATE_METHOD_MATCH = YES;
				COPY_PHASE_STRIP = NO;
				DEBUG_INFORMATION_FORMAT = "dwarf-with-dsym";
				ENABLE_NS_ASSERTIONS = NO;
				ENABLE_STRICT_OBJC_MSGSEND = YES;
				ENABLE_USER_SCRIPT_SANDBOXING = YES;
				GCC_C_LANGUAGE_STANDARD = gnu17;
				GCC_NO_COMMON_BLOCKS = YES;
				GCC_WARN_64_TO_32_BIT_CONVERSION = YES;
				GCC_WARN_ABOUT_RETURN_TYPE = YES_ERROR;
				GCC_WARN_UNDECLARED_SELECTOR = YES;
				GCC_WARN_UNINITIALIZED_AUTOS = YES_AGGRESSIVE;
				GCC_WARN_UNUSED_FUNCTION = YES;
				GCC_WARN_UNUSED_VARIABLE = YES;
				IPHONEOS_DEPLOYMENT_TARGET = 18.1;
				LOCALIZATION_PREFERS_STRING_CATALOGS = YES;
				MTL_ENABLE_DEBUG_INFO = NO;
				MTL_FAST_MATH = YES;
				SDKROOT = iphoneos;
				SWIFT_COMPILATION_MODE = wholemodule;
				VALIDATE_PRODUCT = YES;
			};
			name = Release;
		};
		8A49D3CD2D6BD6260048FF3B /* Debug */ = {
			isa = XCBuildConfiguration;
			buildSettings = {
				BUNDLE_LOADER = "$(TEST_HOST)";
				CODE_SIGN_STYLE = Automatic;
				CURRENT_PROJECT_VERSION = 1;
				DEVELOPMENT_TEAM = UJU543YRL6;
				GENERATE_INFOPLIST_FILE = YES;
				IPHONEOS_DEPLOYMENT_TARGET = 18.1;
				MARKETING_VERSION = 1.0;
				PRODUCT_BUNDLE_IDENTIFIER = "com.paco-jasso.iMDBTests";
				PRODUCT_NAME = "$(TARGET_NAME)";
				SWIFT_EMIT_LOC_STRINGS = NO;
				SWIFT_VERSION = 5.0;
				TARGETED_DEVICE_FAMILY = "1,2";
				TEST_HOST = "$(BUILT_PRODUCTS_DIR)/iMDB.app/$(BUNDLE_EXECUTABLE_FOLDER_PATH)/iMDB";
			};
			name = Debug;
		};
		8A49D3CE2D6BD6260048FF3B /* Release */ = {
			isa = XCBuildConfiguration;
			buildSettings = {
				BUNDLE_LOADER = "$(TEST_HOST)";
				CODE_SIGN_STYLE = Automatic;
				CURRENT_PROJECT_VERSION = 1;
				DEVELOPMENT_TEAM = UJU543YRL6;
				GENERATE_INFOPLIST_FILE = YES;
				IPHONEOS_DEPLOYMENT_TARGET = 18.1;
				MARKETING_VERSION = 1.0;
				PRODUCT_BUNDLE_IDENTIFIER = "com.paco-jasso.iMDBTests";
				PRODUCT_NAME = "$(TARGET_NAME)";
				SWIFT_EMIT_LOC_STRINGS = NO;
				SWIFT_VERSION = 5.0;
				TARGETED_DEVICE_FAMILY = "1,2";
				TEST_HOST = "$(BUILT_PRODUCTS_DIR)/iMDB.app/$(BUNDLE_EXECUTABLE_FOLDER_PATH)/iMDB";
			};
			name = Release;
		};
		8A49D3D02D6BD6260048FF3B /* Debug */ = {
			isa = XCBuildConfiguration;
			buildSettings = {
				CODE_SIGN_STYLE = Automatic;
				CURRENT_PROJECT_VERSION = 1;
				DEVELOPMENT_TEAM = UJU543YRL6;
				GENERATE_INFOPLIST_FILE = YES;
				MARKETING_VERSION = 1.0;
				PRODUCT_BUNDLE_IDENTIFIER = "com.paco-jasso.iMDBUITests";
				PRODUCT_NAME = "$(TARGET_NAME)";
				SWIFT_EMIT_LOC_STRINGS = NO;
				SWIFT_VERSION = 5.0;
				TARGETED_DEVICE_FAMILY = "1,2";
				TEST_TARGET_NAME = iMDB;
			};
			name = Debug;
		};
		8A49D3D12D6BD6260048FF3B /* Release */ = {
			isa = XCBuildConfiguration;
			buildSettings = {
				CODE_SIGN_STYLE = Automatic;
				CURRENT_PROJECT_VERSION = 1;
				DEVELOPMENT_TEAM = UJU543YRL6;
				GENERATE_INFOPLIST_FILE = YES;
				MARKETING_VERSION = 1.0;
				PRODUCT_BUNDLE_IDENTIFIER = "com.paco-jasso.iMDBUITests";
				PRODUCT_NAME = "$(TARGET_NAME)";
				SWIFT_EMIT_LOC_STRINGS = NO;
				SWIFT_VERSION = 5.0;
				TARGETED_DEVICE_FAMILY = "1,2";
				TEST_TARGET_NAME = iMDB;
			};
			name = Release;
		};
/* End XCBuildConfiguration section */

/* Begin XCConfigurationList section */
		8A49D3962D6BD6230048FF3B /* Build configuration list for PBXProject "iMDB" */ = {
			isa = XCConfigurationList;
			buildConfigurations = (
				8A49D3CA2D6BD6260048FF3B /* Debug */,
				8A49D3CB2D6BD6260048FF3B /* Release */,
			);
			defaultConfigurationIsVisible = 0;
			defaultConfigurationName = Release;
		};
		8A49D3C72D6BD6260048FF3B /* Build configuration list for PBXNativeTarget "iMDB" */ = {
			isa = XCConfigurationList;
			buildConfigurations = (
				8A49D3C82D6BD6260048FF3B /* Debug */,
				8A49D3C92D6BD6260048FF3B /* Release */,
			);
			defaultConfigurationIsVisible = 0;
			defaultConfigurationName = Release;
		};
		8A49D3CC2D6BD6260048FF3B /* Build configuration list for PBXNativeTarget "iMDBTests" */ = {
			isa = XCConfigurationList;
			buildConfigurations = (
				8A49D3CD2D6BD6260048FF3B /* Debug */,
				8A49D3CE2D6BD6260048FF3B /* Release */,
			);
			defaultConfigurationIsVisible = 0;
			defaultConfigurationName = Release;
		};
		8A49D3CF2D6BD6260048FF3B /* Build configuration list for PBXNativeTarget "iMDBUITests" */ = {
			isa = XCConfigurationList;
			buildConfigurations = (
				8A49D3D02D6BD6260048FF3B /* Debug */,
				8A49D3D12D6BD6260048FF3B /* Release */,
			);
			defaultConfigurationIsVisible = 0;
			defaultConfigurationName = Release;
		};
/* End XCConfigurationList section */
	};
	rootObject = 8A49D3932D6BD6230048FF3B /* Project object */;
}
